
Microsoft Visual Studio Solution File, Format Version 12.00
# Visual Studio Version 16
VisualStudioVersion = 16.0.31624.102
MinimumVisualStudioVersion = 10.0.40219.1
Project("{9A19103F-16F7-4668-BE54-9A1E7A4F7556}") = "XadrezConsole", "XadrezConsole.csproj", "{928183D4-367F-4AE4-BBA8-40F68F385D67}"
EndProject
Global
	GlobalSection(SolutionConfigurationPlatforms) = preSolution
		Debug|Any CPU = Debug|Any CPU
		Release|Any CPU = Release|Any CPU
	EndGlobalSection
	GlobalSection(ProjectConfigurationPlatforms) = postSolution
		{928183D4-367F-4AE4-BBA8-40F68F385D67}.Debug|Any CPU.ActiveCfg = Debug|Any CPU
		{928183D4-367F-4AE4-BBA8-40F68F385D67}.Debug|Any CPU.Build.0 = Debug|Any CPU
		{928183D4-367F-4AE4-BBA8-40F68F385D67}.Release|Any CPU.ActiveCfg = Release|Any CPU
		{928183D4-367F-4AE4-BBA8-40F68F385D67}.Release|Any CPU.Build.0 = Release|Any CPU
	EndGlobalSection
	GlobalSection(SolutionProperties) = preSolution
		HideSolutionNode = FALSE
	EndGlobalSection
	GlobalSection(ExtensibilityGlobals) = postSolution
		SolutionGuid = {29A6587E-9D16-4DCD-91DD-73AC4A8776C9}
	EndGlobalSection
EndGlobal
